{
    "_readme": [
        "This file locks the dependencies of your project to a known state",
        "Read more about it at https://getcomposer.org/doc/01-basic-usage.md#installing-dependencies",
        "This file is @generated automatically"
    ],
    "content-hash": "7a16be0ebda476dff7fb6a0d99af038b",
    "packages": [
        {
            "name": "acme/hello",
            "version": "dev-main",
            "dist": {
                "type": "path",
                "url": "packages/acme-hello",
                "reference": "ed956e972e010a89"
            },
            "type": "library",
            "autoload": {
                "psr-4": {
                    "Acme\\Hello\\": "src/"
                }
            },
            "description": "Minimal path package for puck install tests",
            "transport-options": {
                "symlink": true,
                "relative": true
            }
        }
    ],
    "packages-dev": [],
    "aliases": [],
    "minimum-stability": "stable",
    "stability-flags": {},
    "prefer-stable": false,
    "prefer-lowest": false,
    "platform": {},
    "platform-dev": {},
    "plugin-api-version": "2.9.0"
}
