{
    "_readme": [
        "This file locks the dependencies of your project to a known state",
        "Path dist fixture for puck install (not generated by Composer)"
    ],
    "content-hash": "7a16be0ebda476dff7fb6a0d99af038b",
    "packages": [
        {
            "name": "acme/hello",
            "version": "dev-main",
            "version_normalized": "dev-main",
            "dist": {
                "type": "path",
                "url": "packages/acme-hello",
                "reference": "path-local-fixture"
            },
            "type": "library",
            "autoload": {
                "psr-4": {
                    "Acme\\Hello\\": "src/"
                }
            },
            "transport-options": {
                "symlink": true,
                "relative": true
            }
        }
    ],
    "packages-dev": [],
    "aliases": [],
    "minimum-stability": "dev",
    "stability-flags": {},
    "prefer-stable": false,
    "prefer-lowest": false,
    "platform": {},
    "platform-dev": {},
    "plugin-api-version": "2.9.0"
}
